
Microsoft Visual Studio Solution File, Format Version 12.00
# Visual Studio Version 16
VisualStudioVersion = 16.0.29009.5
MinimumVisualStudioVersion = 10.0.40219.1
Project("{FAE04EC0-301F-11D3-BF4B-00C04F79EFBC}") = "Spotyfi", "Spotyfi\Spotyfi.csproj", "{219B4A3D-905E-49D2-A1AA-FC4325300FDC}"
EndProject
Global
	GlobalSection(SolutionConfigurationPlatforms) = preSolution
		Debug|Any CPU = Debug|Any CPU
		Release|Any CPU = Release|Any CPU
	EndGlobalSection
	GlobalSection(ProjectConfigurationPlatforms) = postSolution
		{219B4A3D-905E-49D2-A1AA-FC4325300FDC}.Debug|Any CPU.ActiveCfg = Debug|Any CPU
		{219B4A3D-905E-49D2-A1AA-FC4325300FDC}.Debug|Any CPU.Build.0 = Debug|Any CPU
		{219B4A3D-905E-49D2-A1AA-FC4325300FDC}.Release|Any CPU.ActiveCfg = Release|Any CPU
		{219B4A3D-905E-49D2-A1AA-FC4325300FDC}.Release|Any CPU.Build.0 = Release|Any CPU
	EndGlobalSection
	GlobalSection(SolutionProperties) = preSolution
		HideSolutionNode = FALSE
	EndGlobalSection
	GlobalSection(ExtensibilityGlobals) = postSolution
		SolutionGuid = {2621BA39-81D2-4BEE-B635-884A4C1A0772}
	EndGlobalSection
EndGlobal
